
Microsoft Visual Studio Solution File, Format Version 12.00
# Visual Studio Version 17
VisualStudioVersion = 17.1.32328.378
MinimumVisualStudioVersion = 10.0.40219.1
Project("{FAE04EC0-301F-11D3-BF4B-00C04F79EFBC}") = "ThuStudent", "ThuStudent.csproj", "{90EC81AE-E7C1-4B53-B051-26BB20A9A514}"
EndProject
Global
	GlobalSection(SolutionConfigurationPlatforms) = preSolution
		Debug|Any CPU = Debug|Any CPU
		Release|Any CPU = Release|Any CPU
	EndGlobalSection
	GlobalSection(ProjectConfigurationPlatforms) = postSolution
		{90EC81AE-E7C1-4B53-B051-26BB20A9A514}.Debug|Any CPU.ActiveCfg = Debug|Any CPU
		{90EC81AE-E7C1-4B53-B051-26BB20A9A514}.Debug|Any CPU.Build.0 = Debug|Any CPU
		{90EC81AE-E7C1-4B53-B051-26BB20A9A514}.Release|Any CPU.ActiveCfg = Release|Any CPU
		{90EC81AE-E7C1-4B53-B051-26BB20A9A514}.Release|Any CPU.Build.0 = Release|Any CPU
	EndGlobalSection
	GlobalSection(SolutionProperties) = preSolution
		HideSolutionNode = FALSE
	EndGlobalSection
	GlobalSection(ExtensibilityGlobals) = postSolution
		SolutionGuid = {04AD1C61-DF1A-41AD-BBF0-EC5E620515F8}
	EndGlobalSection
EndGlobal
